
Microsoft Visual Studio Solution File, Format Version 12.00
# Visual Studio Version 17
VisualStudioVersion = 17.8.34525.116
MinimumVisualStudioVersion = 10.0.40219.1
Project("{FAE04EC0-301F-11D3-BF4B-00C04F79EFBC}") = "ConsoleApp1", "ConsoleApp1\ConsoleApp1.csproj", "{2405259E-A876-40CB-A650-FC7433617864}"
EndProject
Global
	GlobalSection(SolutionConfigurationPlatforms) = preSolution
		Debug|Any CPU = Debug|Any CPU
		Release|Any CPU = Release|Any CPU
	EndGlobalSection
	GlobalSection(ProjectConfigurationPlatforms) = postSolution
		{2405259E-A876-40CB-A650-FC7433617864}.Debug|Any CPU.ActiveCfg = Debug|Any CPU
		{2405259E-A876-40CB-A650-FC7433617864}.Debug|Any CPU.Build.0 = Debug|Any CPU
		{2405259E-A876-40CB-A650-FC7433617864}.Release|Any CPU.ActiveCfg = Release|Any CPU
		{2405259E-A876-40CB-A650-FC7433617864}.Release|Any CPU.Build.0 = Release|Any CPU
	EndGlobalSection
	GlobalSection(SolutionProperties) = preSolution
		HideSolutionNode = FALSE
	EndGlobalSection
	GlobalSection(ExtensibilityGlobals) = postSolution
		SolutionGuid = {CF7EED51-8573-4903-8120-E9F8680DD01E}
	EndGlobalSection
EndGlobal
