
Microsoft Visual Studio Solution File, Format Version 12.00
# Visual Studio Version 17
VisualStudioVersion = 17.8.34330.188
MinimumVisualStudioVersion = 10.0.40219.1
Project("{FAE04EC0-301F-11D3-BF4B-00C04F79EFBC}") = "ConsoleApp1", "ConsoleApp1\ConsoleApp1.csproj", "{22AA7845-46A9-47EA-9C98-DEAB0D54C204}"
EndProject
Project("{FAE04EC0-301F-11D3-BF4B-00C04F79EFBC}") = "ConsoleApp2", "ConsoleApp2\ConsoleApp2.csproj", "{30276C0A-FFC5-47D8-9002-FAC3CD927D37}"
EndProject
Project("{FAE04EC0-301F-11D3-BF4B-00C04F79EFBC}") = "ConsoleApp3", "ConsoleApp3\ConsoleApp3.csproj", "{B2591212-9526-47BA-91F9-7FF9C448B0DD}"
EndProject
Project("{FAE04EC0-301F-11D3-BF4B-00C04F79EFBC}") = "ConsoleApp4", "ConsoleApp4\ConsoleApp4.csproj", "{19A216BF-6923-4235-984C-CF4CA89B7673}"
EndProject
Project("{FAE04EC0-301F-11D3-BF4B-00C04F79EFBC}") = "ConsoleApp5", "ConsoleApp5\ConsoleApp5.csproj", "{A0F20125-A279-4972-86B9-9832300D25F7}"
EndProject
Global
	GlobalSection(SolutionConfigurationPlatforms) = preSolution
		Debug|Any CPU = Debug|Any CPU
		Release|Any CPU = Release|Any CPU
	EndGlobalSection
	GlobalSection(ProjectConfigurationPlatforms) = postSolution
		{22AA7845-46A9-47EA-9C98-DEAB0D54C204}.Debug|Any CPU.ActiveCfg = Debug|Any CPU
		{22AA7845-46A9-47EA-9C98-DEAB0D54C204}.Debug|Any CPU.Build.0 = Debug|Any CPU
		{22AA7845-46A9-47EA-9C98-DEAB0D54C204}.Release|Any CPU.ActiveCfg = Release|Any CPU
		{22AA7845-46A9-47EA-9C98-DEAB0D54C204}.Release|Any CPU.Build.0 = Release|Any CPU
		{30276C0A-FFC5-47D8-9002-FAC3CD927D37}.Debug|Any CPU.ActiveCfg = Debug|Any CPU
		{30276C0A-FFC5-47D8-9002-FAC3CD927D37}.Debug|Any CPU.Build.0 = Debug|Any CPU
		{30276C0A-FFC5-47D8-9002-FAC3CD927D37}.Release|Any CPU.ActiveCfg = Release|Any CPU
		{30276C0A-FFC5-47D8-9002-FAC3CD927D37}.Release|Any CPU.Build.0 = Release|Any CPU
		{B2591212-9526-47BA-91F9-7FF9C448B0DD}.Debug|Any CPU.ActiveCfg = Debug|Any CPU
		{B2591212-9526-47BA-91F9-7FF9C448B0DD}.Debug|Any CPU.Build.0 = Debug|Any CPU
		{B2591212-9526-47BA-91F9-7FF9C448B0DD}.Release|Any CPU.ActiveCfg = Release|Any CPU
		{B2591212-9526-47BA-91F9-7FF9C448B0DD}.Release|Any CPU.Build.0 = Release|Any CPU
		{19A216BF-6923-4235-984C-CF4CA89B7673}.Debug|Any CPU.ActiveCfg = Debug|Any CPU
		{19A216BF-6923-4235-984C-CF4CA89B7673}.Debug|Any CPU.Build.0 = Debug|Any CPU
		{19A216BF-6923-4235-984C-CF4CA89B7673}.Release|Any CPU.ActiveCfg = Release|Any CPU
		{19A216BF-6923-4235-984C-CF4CA89B7673}.Release|Any CPU.Build.0 = Release|Any CPU
		{A0F20125-A279-4972-86B9-9832300D25F7}.Debug|Any CPU.ActiveCfg = Debug|Any CPU
		{A0F20125-A279-4972-86B9-9832300D25F7}.Debug|Any CPU.Build.0 = Debug|Any CPU
		{A0F20125-A279-4972-86B9-9832300D25F7}.Release|Any CPU.ActiveCfg = Release|Any CPU
		{A0F20125-A279-4972-86B9-9832300D25F7}.Release|Any CPU.Build.0 = Release|Any CPU
	EndGlobalSection
	GlobalSection(SolutionProperties) = preSolution
		HideSolutionNode = FALSE
	EndGlobalSection
	GlobalSection(ExtensibilityGlobals) = postSolution
		SolutionGuid = {D6D6595E-CA6C-40E9-B010-8D7247641A68}
	EndGlobalSection
EndGlobal
