
Microsoft Visual Studio Solution File, Format Version 12.00
# Visual Studio Version 17
VisualStudioVersion = 17.8.34525.116
MinimumVisualStudioVersion = 10.0.40219.1
Project("{9A19103F-16F7-4668-BE54-9A1E7A4F7556}") = "MauiApp1", "MauiApp1\MauiApp1.csproj", "{F3722EBF-3FBA-4770-9438-196E6ACB8C47}"
EndProject
Global
	GlobalSection(SolutionConfigurationPlatforms) = preSolution
		Debug|Any CPU = Debug|Any CPU
		Release|Any CPU = Release|Any CPU
	EndGlobalSection
	GlobalSection(ProjectConfigurationPlatforms) = postSolution
		{F3722EBF-3FBA-4770-9438-196E6ACB8C47}.Debug|Any CPU.ActiveCfg = Debug|Any CPU
		{F3722EBF-3FBA-4770-9438-196E6ACB8C47}.Debug|Any CPU.Build.0 = Debug|Any CPU
		{F3722EBF-3FBA-4770-9438-196E6ACB8C47}.Debug|Any CPU.Deploy.0 = Debug|Any CPU
		{F3722EBF-3FBA-4770-9438-196E6ACB8C47}.Release|Any CPU.ActiveCfg = Release|Any CPU
		{F3722EBF-3FBA-4770-9438-196E6ACB8C47}.Release|Any CPU.Build.0 = Release|Any CPU
		{F3722EBF-3FBA-4770-9438-196E6ACB8C47}.Release|Any CPU.Deploy.0 = Release|Any CPU
	EndGlobalSection
	GlobalSection(SolutionProperties) = preSolution
		HideSolutionNode = FALSE
	EndGlobalSection
	GlobalSection(ExtensibilityGlobals) = postSolution
		SolutionGuid = {912A0873-44F4-47B2-9196-43AFAF0F84D8}
	EndGlobalSection
EndGlobal
