
Microsoft Visual Studio Solution File, Format Version 12.00
# Visual Studio Version 17
VisualStudioVersion = 17.8.34511.84
MinimumVisualStudioVersion = 10.0.40219.1
Project("{FAE04EC0-301F-11D3-BF4B-00C04F79EFBC}") = "ConsoleApp1", "ConsoleApp1\ConsoleApp1.csproj", "{35DA59DA-FBDF-4366-B762-FF2C00E0C496}"
EndProject
Global
	GlobalSection(SolutionConfigurationPlatforms) = preSolution
		Debug|Any CPU = Debug|Any CPU
		Release|Any CPU = Release|Any CPU
	EndGlobalSection
	GlobalSection(ProjectConfigurationPlatforms) = postSolution
		{35DA59DA-FBDF-4366-B762-FF2C00E0C496}.Debug|Any CPU.ActiveCfg = Debug|Any CPU
		{35DA59DA-FBDF-4366-B762-FF2C00E0C496}.Debug|Any CPU.Build.0 = Debug|Any CPU
		{35DA59DA-FBDF-4366-B762-FF2C00E0C496}.Release|Any CPU.ActiveCfg = Release|Any CPU
		{35DA59DA-FBDF-4366-B762-FF2C00E0C496}.Release|Any CPU.Build.0 = Release|Any CPU
	EndGlobalSection
	GlobalSection(SolutionProperties) = preSolution
		HideSolutionNode = FALSE
	EndGlobalSection
	GlobalSection(ExtensibilityGlobals) = postSolution
		SolutionGuid = {8BBDE5E5-73B6-447D-ADB7-3946F1660A45}
	EndGlobalSection
EndGlobal
