
Microsoft Visual Studio Solution File, Format Version 12.00
# Visual Studio Version 17
VisualStudioVersion = 17.8.34316.72
MinimumVisualStudioVersion = 10.0.40219.1
Project("{FAE04EC0-301F-11D3-BF4B-00C04F79EFBC}") = "MauiApp29", "MauiApp29\MauiApp29.csproj", "{31BC5F74-CF81-4EE6-9E6C-F60CC47FA4A8}"
EndProject
Global
	GlobalSection(SolutionConfigurationPlatforms) = preSolution
		Debug|Any CPU = Debug|Any CPU
		Release|Any CPU = Release|Any CPU
	EndGlobalSection
	GlobalSection(ProjectConfigurationPlatforms) = postSolution
		{31BC5F74-CF81-4EE6-9E6C-F60CC47FA4A8}.Debug|Any CPU.ActiveCfg = Debug|Any CPU
		{31BC5F74-CF81-4EE6-9E6C-F60CC47FA4A8}.Debug|Any CPU.Build.0 = Debug|Any CPU
		{31BC5F74-CF81-4EE6-9E6C-F60CC47FA4A8}.Debug|Any CPU.Deploy.0 = Debug|Any CPU
		{31BC5F74-CF81-4EE6-9E6C-F60CC47FA4A8}.Release|Any CPU.ActiveCfg = Release|Any CPU
		{31BC5F74-CF81-4EE6-9E6C-F60CC47FA4A8}.Release|Any CPU.Build.0 = Release|Any CPU
		{31BC5F74-CF81-4EE6-9E6C-F60CC47FA4A8}.Release|Any CPU.Deploy.0 = Release|Any CPU
	EndGlobalSection
	GlobalSection(SolutionProperties) = preSolution
		HideSolutionNode = FALSE
	EndGlobalSection
	GlobalSection(ExtensibilityGlobals) = postSolution
		SolutionGuid = {EDAD5194-394C-41E3-B65D-524D3C3F574E}
	EndGlobalSection
EndGlobal
